{
  "name": "fazner-ai-platform",
  "version": "1.0.0",
  "lockfileVersion": 3,
  "requires": true,
  "packages": {
    "": {
      "name": "fazner-ai-platform",
      "version": "1.0.0",
      "workspaces": [
        "frontend",
        "backend",
        "shared"
      ],
      "devDependencies": {
        "concurrently": "^8.2.2"
      }
    },
    "node_modules/concurrently": {
      "version": "8.2.2",
      "dev": true,
      "license": "MIT"
    }
  }
}